
Microsoft Visual Studio Solution File, Format Version 12.00
# Visual Studio Version 17
VisualStudioVersion = 17.0.31919.166
MinimumVisualStudioVersion = 10.0.40219.1
Project("{9A19103F-16F7-4668-BE54-9A1E7A4F7556}") = "AdventOfCode", "src\AdventOfCode\AdventOfCode.csproj", "{EC908C81-E5B3-44FF-8189-B6421C2CA794}"
EndProject
Project("{2150E333-8FDC-42A3-9474-1A3956D46DE8}") = "Solution Items", "Solution Items", "{0361B5D8-D19B-462A-A158-62EBC3E3A074}"
	ProjectSection(SolutionItems) = preProject
		.editorconfig = .editorconfig
		Durations.md = Durations.md
		LICENSE.md = LICENSE.md
		LoC.md = LoC.md
		README.md = README.md
		Solving.md = Solving.md
	EndProjectSection
EndProject
Project("{9A19103F-16F7-4668-BE54-9A1E7A4F7556}") = "AdventOfCode.App", "src\AdventOfCode.App\AdventOfCode.App.csproj", "{54FD4F2C-FB0B-409B-96AF-953B88C50833}"
EndProject
Project("{9A19103F-16F7-4668-BE54-9A1E7A4F7556}") = "SmartAss", "..\smart-ass\src\SmartAss\SmartAss.csproj", "{76CEB09A-C1CC-489F-8F97-884D287142D9}"
EndProject
Project("{9A19103F-16F7-4668-BE54-9A1E7A4F7556}") = "AdventOfCode.Now", "src\AdventOfCode.Now\AdventOfCode.Now.csproj", "{FDFBBC9A-F2E9-4323-9D59-9E93400757DA}"
EndProject
Project("{9A19103F-16F7-4668-BE54-9A1E7A4F7556}") = "AdventOfCode.Utils", "src\AdventOfCode.Utils\AdventOfCode.Utils.csproj", "{F59CBCBB-ED53-43E2-9BC0-C597987DE24E}"
EndProject
Project("{9A19103F-16F7-4668-BE54-9A1E7A4F7556}") = "SmartAss.Specs", "..\smart-ass\specs\SmartAss.Specs\SmartAss.Specs.csproj", "{AAC88418-3FCC-47BB-B341-CB5838EF9D9A}"
EndProject
Project("{2150E333-8FDC-42A3-9474-1A3956D46DE8}") = "props", "props", "{3B9CDF95-1031-46E8-A533-D58C9FCA9F0A}"
	ProjectSection(SolutionItems) = preProject
		props\common.props = props\common.props
	EndProjectSection
EndProject
Global
	GlobalSection(SolutionConfigurationPlatforms) = preSolution
		Debug|Any CPU = Debug|Any CPU
		Release|Any CPU = Release|Any CPU
	EndGlobalSection
	GlobalSection(ProjectConfigurationPlatforms) = postSolution
		{EC908C81-E5B3-44FF-8189-B6421C2CA794}.Debug|Any CPU.ActiveCfg = Debug|Any CPU
		{EC908C81-E5B3-44FF-8189-B6421C2CA794}.Debug|Any CPU.Build.0 = Debug|Any CPU
		{EC908C81-E5B3-44FF-8189-B6421C2CA794}.Release|Any CPU.ActiveCfg = Release|Any CPU
		{EC908C81-E5B3-44FF-8189-B6421C2CA794}.Release|Any CPU.Build.0 = Release|Any CPU
		{54FD4F2C-FB0B-409B-96AF-953B88C50833}.Debug|Any CPU.ActiveCfg = Debug|Any CPU
		{54FD4F2C-FB0B-409B-96AF-953B88C50833}.Debug|Any CPU.Build.0 = Debug|Any CPU
		{54FD4F2C-FB0B-409B-96AF-953B88C50833}.Release|Any CPU.ActiveCfg = Release|Any CPU
		{54FD4F2C-FB0B-409B-96AF-953B88C50833}.Release|Any CPU.Build.0 = Release|Any CPU
		{76CEB09A-C1CC-489F-8F97-884D287142D9}.Debug|Any CPU.ActiveCfg = Debug|Any CPU
		{76CEB09A-C1CC-489F-8F97-884D287142D9}.Debug|Any CPU.Build.0 = Debug|Any CPU
		{76CEB09A-C1CC-489F-8F97-884D287142D9}.Release|Any CPU.ActiveCfg = Release|Any CPU
		{76CEB09A-C1CC-489F-8F97-884D287142D9}.Release|Any CPU.Build.0 = Release|Any CPU
		{FDFBBC9A-F2E9-4323-9D59-9E93400757DA}.Debug|Any CPU.ActiveCfg = Debug|Any CPU
		{FDFBBC9A-F2E9-4323-9D59-9E93400757DA}.Debug|Any CPU.Build.0 = Debug|Any CPU
		{FDFBBC9A-F2E9-4323-9D59-9E93400757DA}.Release|Any CPU.ActiveCfg = Release|Any CPU
		{FDFBBC9A-F2E9-4323-9D59-9E93400757DA}.Release|Any CPU.Build.0 = Release|Any CPU
		{F59CBCBB-ED53-43E2-9BC0-C597987DE24E}.Debug|Any CPU.ActiveCfg = Debug|Any CPU
		{F59CBCBB-ED53-43E2-9BC0-C597987DE24E}.Debug|Any CPU.Build.0 = Debug|Any CPU
		{F59CBCBB-ED53-43E2-9BC0-C597987DE24E}.Release|Any CPU.ActiveCfg = Release|Any CPU
		{F59CBCBB-ED53-43E2-9BC0-C597987DE24E}.Release|Any CPU.Build.0 = Release|Any CPU
		{AAC88418-3FCC-47BB-B341-CB5838EF9D9A}.Debug|Any CPU.ActiveCfg = Debug|Any CPU
		{AAC88418-3FCC-47BB-B341-CB5838EF9D9A}.Debug|Any CPU.Build.0 = Debug|Any CPU
		{AAC88418-3FCC-47BB-B341-CB5838EF9D9A}.Release|Any CPU.ActiveCfg = Release|Any CPU
		{AAC88418-3FCC-47BB-B341-CB5838EF9D9A}.Release|Any CPU.Build.0 = Release|Any CPU
	EndGlobalSection
	GlobalSection(SolutionProperties) = preSolution
		HideSolutionNode = FALSE
	EndGlobalSection
	GlobalSection(NestedProjects) = preSolution
		{3B9CDF95-1031-46E8-A533-D58C9FCA9F0A} = {0361B5D8-D19B-462A-A158-62EBC3E3A074}
	EndGlobalSection
	GlobalSection(ExtensibilityGlobals) = postSolution
		SolutionGuid = {714C9212-E9FB-416F-87A6-D09A3C5BC3FD}
	EndGlobalSection
EndGlobal
